black==22.3.0 \
    --hash=sha256:1039cb7a83516a96ab857e55ac6ef175b729f56b5ce66d098426e785cef46c2d \
    --hash=sha256:bc58025940a896d7e5356952228b68f793cf5fcb342be703c3a2669a1488cb72
click==8.0.3 \
    --hash=sha256:353f466495adaeb40b6b5f592f9f91cb22372351c84caeb068132442a4518ef3 \
    --hash=sha256:353f466495adaeb40b6b5f592f9f91cb22372351c84caeb068132442a4518ef3 \
    --hash=sha256:b0a0492d07c8e7e4a88ee153ca6553d357a0746792d6868bfca79dc1a344bb1b
    # via black
colorama==0.4.6 ; sys_platform == 'win32' \
    --hash=sha256:4f1d9991f5acc0ca119f9d443620b77f9d6b33703e51011c16baf57afb285fc6 \
    --hash=sha256:8a5a9494346d7ae2d8f599e4661738007d2df56dbbf4ccbbf7a6a23679a3a302
    # via click
mypy-extensions==1.1.0 \
    --hash=sha256:1be4cccdb0f2482337c4743e60421de3a356cd97508abadd57d47403e94f5505 \
    --hash=sha256:1be4cccdb0f2482337c4743e60421de3a356cd97508abadd57d47403e94f5505 \
    --hash=sha256:1be4cccdb0f2482337c4743e60421de3a356cd97508abadd57d47403e94f5505 \
    --hash=sha256:1be4cccdb0f2482337c4743e60421de3a356cd97508abadd57d47403e94f5505 \
    --hash=sha256:1be4cccdb0f2482337c4743e60421de3a356cd97508abadd57d47403e94f5505 \
    --hash=sha256:1be4cccdb0f2482337c4743e60421de3a356cd97508abadd57d47403e94f5505 \
    --hash=sha256:1be4cccdb0f2482337c4743e60421de3a356cd97508abadd57d47403e94f5505 \
    --hash=sha256:1be4cccdb0f2482337c4743e60421de3a356cd97508abadd57d47403e94f5505 \
    --hash=sha256:4ec363d206d93f233330fa7f08eefe9a382dd1e326112a94244f95ec2f22f10e
    # via black
pathspec==1.0.4 \
    --hash=sha256:eeaf9fc7cbc0a4492b666be276f38956baa67cd3faca745462db83d98f1cef87 \
    --hash=sha256:fb6ae2fd4e7c921a165808a552060e722767cfa526f99ca5156ed2ce45a5c723
    # via black
platformdirs==2.5.2 \
    --hash=sha256:027d8e83a2d7de06bbac4e5ef7e023c02b863d7ea5d079477e722bb41ab25788 \
    --hash=sha256:e257a04b5d0528cb9836b766c8a16a85368e249cba7ae42888a403976ccd7d2d
    # via black
tomli==2.0.1 \
    --hash=sha256:864f310e021d68415d6ba45b23e29808f99703b471d884267d6942eecdf8d6c5 \
    --hash=sha256:939de3e7a6161af0c887ef91b7d41a53e7c5a1ca976325f429cb46ea9bc30ecc
typing-extensions==4.14.0 \
    --hash=sha256:143b71ca62ef50cf4ae7ff2058cd26603b763b481e808a9719aca4fedf447950 \
    --hash=sha256:a1514509136dd0b477638fc68d6a91497af5076466ad0fa6c338e44e359944af \
    --hash=sha256:a1514509136dd0b477638fc68d6a91497af5076466ad0fa6c338e44e359944af \
    --hash=sha256:a1514509136dd0b477638fc68d6a91497af5076466ad0fa6c338e44e359944af \
    --hash=sha256:a1514509136dd0b477638fc68d6a91497af5076466ad0fa6c338e44e359944af \
    --hash=sha256:a1514509136dd0b477638fc68d6a91497af5076466ad0fa6c338e44e359944af \
    --hash=sha256:a1514509136dd0b477638fc68d6a91497af5076466ad0fa6c338e44e359944af \
    --hash=sha256:a1514509136dd0b477638fc68d6a91497af5076466ad0fa6c338e44e359944af \
    --hash=sha256:a1514509136dd0b477638fc68d6a91497af5076466ad0fa6c338e44e359944af
