backports-functools-lru-cache==1.5 \
    --hash=sha256:f0b0e4eba956de51238e17573b7087e852dfe9854afd2e9c873f73fc0ca0a6dd \
    --hash=sha256:f0b0e4eba956de51238e17573b7087e852dfe9854afd2e9c873f73fc0ca0a6dd \
    --hash=sha256:f0b0e4eba956de51238e17573b7087e852dfe9854afd2e9c873f73fc0ca0a6dd \
    --hash=sha256:f616a826fc468062dc0f2d37c7469e8913657d20298efb2c118d613e01203f62 \
    --hash=sha256:f616a826fc468062dc0f2d37c7469e8913657d20298efb2c118d613e01203f62 \
    --hash=sha256:f616a826fc468062dc0f2d37c7469e8913657d20298efb2c118d613e01203f62
    # via cheroot
cheroot==6.2.4 \
    --hash=sha256:01cbd1cea13cf7837ce9f0cb96b7fc2164cde5e328b9ea506e1eabf51a2cecbc \
    --hash=sha256:01cbd1cea13cf7837ce9f0cb96b7fc2164cde5e328b9ea506e1eabf51a2cecbc \
    --hash=sha256:01cbd1cea13cf7837ce9f0cb96b7fc2164cde5e328b9ea506e1eabf51a2cecbc \
    --hash=sha256:d0c79aa03382d8d21f1a7722248cfd37efdd32c9272866d7dc76756220270251 \
    --hash=sha256:d0c79aa03382d8d21f1a7722248cfd37efdd32c9272866d7dc76756220270251 \
    --hash=sha256:d0c79aa03382d8d21f1a7722248cfd37efdd32c9272866d7dc76756220270251
    # via cherrypy
cherrypy==14.2.0 \
    --hash=sha256:07d32b8ea349213ac78d352989c41bf7ccb7c38b0419a71cc2d171f8538c7f9c \
    --hash=sha256:07d32b8ea349213ac78d352989c41bf7ccb7c38b0419a71cc2d171f8538c7f9c \
    --hash=sha256:07d32b8ea349213ac78d352989c41bf7ccb7c38b0419a71cc2d171f8538c7f9c \
    --hash=sha256:dbbf956ee23e0b53451009c9c4f807c7a726aa64babf8a1d25165b05a4683780 \
    --hash=sha256:dbbf956ee23e0b53451009c9c4f807c7a726aa64babf8a1d25165b05a4683780 \
    --hash=sha256:dbbf956ee23e0b53451009c9c4f807c7a726aa64babf8a1d25165b05a4683780
httplib2==0.10.3 \
    --hash=sha256:37f748ff5ccef640cace7a1edd8beedb084d13de36a55fe967310cf0a8ea88b1 \
    --hash=sha256:6141a2d586f9168c900b1444f83ec0c1318691e79532a467b62475ddcd63755f \
    --hash=sha256:76553854546bffee2be43f61ab16470f844ed4636f70e19f09cf438b03665273 \
    --hash=sha256:77a6b26d463f55c229db681c0cc8c0fec9804de44a8da61aceec35e56486ff93 \
    --hash=sha256:b33dacafa4af51787c917920184bcb2231f9c8b8a351500f4cf2267c524c331c \
    --hash=sha256:ca9237f71ddf9f848b3834bf0909ec5c193bd29e2695c1f9be5dbc6ed93bd9d2
    # via oauth2client
more-itertools==4.1.0 \
    --hash=sha256:0dd8f72eeab0d2c3bd489025bb2f6a1b8342f9b198f6fc37b52d15cfa4531fea \
    --hash=sha256:11a625025954c20145b37ff6309cd54e39ca94f72f6bb9576d1195db6fa2442e \
    --hash=sha256:11a625025954c20145b37ff6309cd54e39ca94f72f6bb9576d1195db6fa2442e \
    --hash=sha256:7586f4373cc401db9ebaf156b52fe5cb3e136be27b1bb6dd6ee1e08b35b3de79 \
    --hash=sha256:f6199f71f4c81c6a6323be83693b04b6417d6c1810a2693e74863d43c30be9b7 \
    --hash=sha256:f6199f71f4c81c6a6323be83693b04b6417d6c1810a2693e74863d43c30be9b7
    # via cheroot
oauth2client==1.5.2 \
    --hash=sha256:110c19010898775c93d74d0e3e8be2456ba32e1e0d5d15bd44b7b2bbf6381a09 \
    --hash=sha256:c56fdfcd87631f144e268ff76b6d143aafda3569c75a59b426cce34d8f4b92bd
portend==2.2 \
    --hash=sha256:0bafdfd6caba0e8465eada2918ff76f298d7e60501665b916858ab8df8848ce5 \
    --hash=sha256:0bafdfd6caba0e8465eada2918ff76f298d7e60501665b916858ab8df8848ce5 \
    --hash=sha256:0bafdfd6caba0e8465eada2918ff76f298d7e60501665b916858ab8df8848ce5 \
    --hash=sha256:99c265340a5bb46a037c0bbc76556416d7eef47f87ea0f1f6c0f9185b6faf154 \
    --hash=sha256:99c265340a5bb46a037c0bbc76556416d7eef47f87ea0f1f6c0f9185b6faf154 \
    --hash=sha256:99c265340a5bb46a037c0bbc76556416d7eef47f87ea0f1f6c0f9185b6faf154
    # via cherrypy
psutil==5.8.0+chromium.3 \
    --hash=sha256:0414d09ff0e351534cec610ea7abb69293c3247d85957cb8ca9079b25dcee9aa \
    --hash=sha256:14353392ca62cfd804920a31453f4d05fa076c18bd093c2e7bcef767f14c4e9c \
    --hash=sha256:23010beb4d80ad1c52412fbc42b22dac29075de4c251c4f59e88393556359a03 \
    --hash=sha256:241ced5e39bf21b8262cba00e308d36e0a55b55bda72a4bc6a275e97c4bd6076 \
    --hash=sha256:2e46f6c91650281a318edf1fa0303115316e9a18d1753331647cbe6a54992094 \
    --hash=sha256:4775397151e9cf7ce7ba74d0c503e7ae7524647ca61b3cbb9ec074e455ae641b \
    --hash=sha256:4c17e9d514baf04be368fabba7b7b5d939612f7918b86cbd29a69893eabc3bd7 \
    --hash=sha256:55c5e6a6a9f224cb33780838dce6aa9ba76b417321a77e4aacec1340b42f8d4e \
    --hash=sha256:7ab874691912e8ea195df7b205839db956eea8524f2f735017e8f441557cfd38 \
    --hash=sha256:9e1b2514a57cfb6134e10e2292f7cc57b5268161603236b5c4d8b267d35477f7 \
    --hash=sha256:a066d6d1ea231e91653d80c8cd12f1df1c9efa69c00ca5beda3ff91dabf32a4f \
    --hash=sha256:ad7b79a159498273acbef1a629da7c413d7aa1485570d7e41de7124f6b59305e \
    --hash=sha256:c8280cd87abc40fa29973d0b44c8ef89ff39d4b13ad423a02ddeebf72f10ce61 \
    --hash=sha256:ce110dfcdd5f158c3ba9e3a7965263afcbb4b8427115f760624585ae5bd9ee49 \
    --hash=sha256:d37cb319de52e7c194dbc6f432910105268f07f94c659d3c097b96c59c94311f \
    --hash=sha256:d67e2c738ea14d2594a7af88730c6e48504aff57e466e41df62e15ef8b9fe0c5 \
    --hash=sha256:e26d6129298d2aa99cf805aa81ffb76e33d9a1a12dfc0653b4c893423aeea37d
pyasn1==0.2.3 \
    --hash=sha256:0439b9bd518418260c2641a571f0e07fce4370cab13b68f19b5e023306c03cad \
    --hash=sha256:0439b9bd518418260c2641a571f0e07fce4370cab13b68f19b5e023306c03cad \
    --hash=sha256:0439b9bd518418260c2641a571f0e07fce4370cab13b68f19b5e023306c03cad \
    --hash=sha256:0439b9bd518418260c2641a571f0e07fce4370cab13b68f19b5e023306c03cad \
    --hash=sha256:824a93655be6c4a8677c8076441d811aba942e2f01682ec6977a68d4c8382351 \
    --hash=sha256:824a93655be6c4a8677c8076441d811aba942e2f01682ec6977a68d4c8382351
    # via
    #   oauth2client
    #   pyasn1-modules
    #   rsa
pyasn1-modules==0.0.8 \
    --hash=sha256:6c955210b86fcff3420957072280560ddaf183aa761fb76240c20c322e01021d \
    --hash=sha256:6c955210b86fcff3420957072280560ddaf183aa761fb76240c20c322e01021d \
    --hash=sha256:6c955210b86fcff3420957072280560ddaf183aa761fb76240c20c322e01021d \
    --hash=sha256:b13b680b2878fe0bea59da211e0316a1a27358ba8e4ff239ccc95ca32efb9284 \
    --hash=sha256:b13b680b2878fe0bea59da211e0316a1a27358ba8e4ff239ccc95ca32efb9284 \
    --hash=sha256:f768638295017d9b4fadfb23078391d56344193a717745a77c1352f65f5d8b4e
    # via oauth2client
pytz==2021.1 \
    --hash=sha256:34a16e09fb796e12cb3dfcefb6feec8e2f8dff7c61469e8cf2ee29216b76e3d0 \
    --hash=sha256:c0bd6c681033112f50e0b84ff5cf71b3fe04832cc8bb029d36717ed29d0cda82 \
    --hash=sha256:e79b5b40d021692669addca7c6eee8e679742c4ae1b481e70d32734aac7053ed \
    --hash=sha256:eb10ce3e7736052ed3623d49975ce333bcd712c7bb19a58b9e2089d4057d0798 \
    --hash=sha256:eb10ce3e7736052ed3623d49975ce333bcd712c7bb19a58b9e2089d4057d0798 \
    --hash=sha256:eb10ce3e7736052ed3623d49975ce333bcd712c7bb19a58b9e2089d4057d0798
    # via tempora
pywin32==308 ; sys_platform == 'win32' \
    --hash=sha256:48e9e39c028aae1f5dde236379070c8374393b695be23631c447b93ee9b62a5e \
    --hash=sha256:575621b90f0dc2695fec346b2d6302faebd4f0f45c05ea29404cefe35d89442b \
    --hash=sha256:c7022dd1acce30dc2c668599a2228f6b5859fc6c5323a37f2f72262bfc2e7b52
    # via cherrypy
rsa==3.4.2 \
    --hash=sha256:43f682fea81c452c98d09fc316aae12de6d30c4b5c84226642cf8f8fd1c93abd \
    --hash=sha256:43f682fea81c452c98d09fc316aae12de6d30c4b5c84226642cf8f8fd1c93abd \
    --hash=sha256:43f682fea81c452c98d09fc316aae12de6d30c4b5c84226642cf8f8fd1c93abd \
    --hash=sha256:43f682fea81c452c98d09fc316aae12de6d30c4b5c84226642cf8f8fd1c93abd \
    --hash=sha256:43f682fea81c452c98d09fc316aae12de6d30c4b5c84226642cf8f8fd1c93abd \
    --hash=sha256:43f682fea81c452c98d09fc316aae12de6d30c4b5c84226642cf8f8fd1c93abd \
    --hash=sha256:43f682fea81c452c98d09fc316aae12de6d30c4b5c84226642cf8f8fd1c93abd \
    --hash=sha256:43f682fea81c452c98d09fc316aae12de6d30c4b5c84226642cf8f8fd1c93abd \
    --hash=sha256:43f682fea81c452c98d09fc316aae12de6d30c4b5c84226642cf8f8fd1c93abd \
    --hash=sha256:43f682fea81c452c98d09fc316aae12de6d30c4b5c84226642cf8f8fd1c93abd \
    --hash=sha256:b77867f9c1b9d489e4c3afbe77ce5ec47b402affb5ab4b801483b2d247d2f7d7 \
    --hash=sha256:b77867f9c1b9d489e4c3afbe77ce5ec47b402affb5ab4b801483b2d247d2f7d7 \
    --hash=sha256:b77867f9c1b9d489e4c3afbe77ce5ec47b402affb5ab4b801483b2d247d2f7d7
    # via oauth2client
six==1.15.0 \
    --hash=sha256:7bb413e52c2f9981580e74743d53187be17e108df9b4f9fab1964aab2e94b9d6 \
    --hash=sha256:7bb413e52c2f9981580e74743d53187be17e108df9b4f9fab1964aab2e94b9d6 \
    --hash=sha256:8b74bedcbbbaca38ff6d7491d76f2b06b3592611af620f8426e82dddb04a5ced \
    --hash=sha256:8b74bedcbbbaca38ff6d7491d76f2b06b3592611af620f8426e82dddb04a5ced \
    --hash=sha256:8b74bedcbbbaca38ff6d7491d76f2b06b3592611af620f8426e82dddb04a5ced \
    --hash=sha256:8b74bedcbbbaca38ff6d7491d76f2b06b3592611af620f8426e82dddb04a5ced \
    --hash=sha256:8b74bedcbbbaca38ff6d7491d76f2b06b3592611af620f8426e82dddb04a5ced \
    --hash=sha256:8b74bedcbbbaca38ff6d7491d76f2b06b3592611af620f8426e82dddb04a5ced \
    --hash=sha256:8b74bedcbbbaca38ff6d7491d76f2b06b3592611af620f8426e82dddb04a5ced \
    --hash=sha256:8b74bedcbbbaca38ff6d7491d76f2b06b3592611af620f8426e82dddb04a5ced \
    --hash=sha256:8b74bedcbbbaca38ff6d7491d76f2b06b3592611af620f8426e82dddb04a5ced \
    --hash=sha256:8b74bedcbbbaca38ff6d7491d76f2b06b3592611af620f8426e82dddb04a5ced \
    --hash=sha256:c7dfbdb6d68189c1942e9405fae9eef6bdf2ddff305866df52b806c11da74323
    # via
    #   cheroot
    #   cherrypy
    #   more-itertools
    #   oauth2client
    #   tempora
tempora==1.11 \
    --hash=sha256:e7496537422e72bb331e460b5d1c864dd95d42474ca454a61ab8760be37a2f26 \
    --hash=sha256:e7496537422e72bb331e460b5d1c864dd95d42474ca454a61ab8760be37a2f26 \
    --hash=sha256:e7496537422e72bb331e460b5d1c864dd95d42474ca454a61ab8760be37a2f26 \
    --hash=sha256:e9a016e4fc714d59f563666dcf8a3e1ff03f6a2a7eeb04036285d6ad4854955b \
    --hash=sha256:e9a016e4fc714d59f563666dcf8a3e1ff03f6a2a7eeb04036285d6ad4854955b \
    --hash=sha256:e9a016e4fc714d59f563666dcf8a3e1ff03f6a2a7eeb04036285d6ad4854955b
    # via portend
