crcmod==1.7+chromium.4 \
    --hash=sha256:0665cb22466f522d460f09bdefef80773b2e5dff6c60014ae5869ab5001387a3 \
    --hash=sha256:08586dfd983503dab13f574b80427d1ff0ee61f4882e6c2d86202d888557e0f7 \
    --hash=sha256:0d248d3ea19987c1dd367ad7d2a35964af4d0073f0cdc45ddd74463352980127 \
    --hash=sha256:0dc6dd5619b2741d38a7e2203a8fdbbcbb0ad90f27dde4d5e92c99434595819f \
    --hash=sha256:1c72b463328154fa89e8d23804172638cb006149310f75a543c178b64de854ea \
    --hash=sha256:2c48024215e46e90118eff7622b139f640ac3cf7ea0391b20e6e7c3681cdc6fb \
    --hash=sha256:35f53a130741e1f96d19e0015e69f3e0917d84c1f3885fedff3b3c3100ea7687 \
    --hash=sha256:54e587512529a42b3cc461b70647df69506bb97bf678174b32c8c7673f16e037 \
    --hash=sha256:8b71b6dd25fbbede26af9b90a466aa82ed0a559094cac4425bf0d287fa4f6e70 \
    --hash=sha256:b14fb9bb1a0daeb66524671d15347853464f8cff4d2ad5e72aeb21833b75afd1 \
    --hash=sha256:bb1cf4432e50a4dfb9c466c894bc4f9bef7d65eef651f212ae873c00beaaa6bf \
    --hash=sha256:d484c611b448e374a105a105aec3c61b3902e5881490d186f689fe0888368e75 \
    --hash=sha256:d98748cb3096212a80910ed4b3e88d9f33453a038bdf5713e3c33185a0794c50 \
    --hash=sha256:dfa5bb22d8ac31f7f98647a650833ec6d985dd6d13a6854c91aca8510c4dba06 \
    --hash=sha256:eb2be262aee1b3086b549dcdbf2b9a451c9e6581bacd0d99fd9a87d40db94730 \
    --hash=sha256:f74066b7677adc8f5a225eee8d9474919d896554b4cd988f8565dd010945882c
