cffi==1.15.1+chromium.2 \
    --hash=sha256:10bdaddfd9bc761f9cf6ea80a0cb3dbcf85a6034c3038879634948d75dc903e1 \
    --hash=sha256:220efee8db3410f448fc08a1337345b168853387cc0fd11c288cd4024d005308 \
    --hash=sha256:2252d280c0ab8be58f52469f4106743073ae37f956e4e483ed8d4e46efaf8566 \
    --hash=sha256:4171ff5206e90549e6f42693a69849c8fcc448936d301d3b3a4e244b221f3f83 \
    --hash=sha256:50b3834673f3ebfcdf4fdbf42a3c34c7ad05362c42a16cea26e5d193cdb9fff5 \
    --hash=sha256:51013c858d2bb7540ac5860644efe82020dc492396105887349c28908913c3b0 \
    --hash=sha256:5b54af79e781dc7fcbc17038ed339fb70bbf8e1f0dff989ef12cdebc53c820f4 \
    --hash=sha256:6291010bcc1e76ae6431cfee3b32fa526b402c3450e2cb8830e409b3e4d93028 \
    --hash=sha256:80916c530265a4935f44f13b1e3ff711b82f5e6312279be2164e958990920d58 \
    --hash=sha256:860f9af71776499a4a9684255be1af58f1ed713ddbf9eee6603023af8133d447 \
    --hash=sha256:a7f78589e2e8d1af2381a3abe778b0e10d2d5691fb14d83a3a352847747fe379 \
    --hash=sha256:aa5d44a118e77bc6e7aea22a6b7e9c9a207eee23695516865ba0b95e270ffa41 \
    --hash=sha256:b3613b9aa31c33af8c8956786697fec59296543fb4dbf3afeec80daf3b7381a2 \
    --hash=sha256:f1c983b1b1b32e87f63bc8180de89b780bb8b6a35eec36ba2ae0490ccce3e9cf \
    --hash=sha256:f9a328b8d39fa3cf6659d80e61b52560d5896a53ea6abcebcbdbce2c05496270
    # via cryptography
cryptography==43.0.0 \
    --hash=sha256:0663585d02f76929792470451a5ba64424acc3cd5227b03921dab0e2f27b1709 \
    --hash=sha256:299d3da8e00b7e2b54bb02ef58d73cd5f55fb31f33ebbf33bd00d9aa6807df7e \
    --hash=sha256:31e44a986ceccec3d0498e16f3d27b2ee5fdf69ce2ab89b52eaad1d2f33d8778 \
    --hash=sha256:3d9a1eca329405219b605fac09ecfc09ac09e595d6def650a437523fcd08dd22 \
    --hash=sha256:3dcdedae5c7710b9f97ac6bba7e1052b95c7083c9d0e9df96e02a1932e777895 \
    --hash=sha256:3dcdedae5c7710b9f97ac6bba7e1052b95c7083c9d0e9df96e02a1932e777895 \
    --hash=sha256:64c3f16e2a4fc51c0d06af28441881f98c5d91009b8caaff40cf3548089e9c74 \
    --hash=sha256:64c3f16e2a4fc51c0d06af28441881f98c5d91009b8caaff40cf3548089e9c74 \
    --hash=sha256:6e2b11c55d260d03a8cf29ac9b5e0608d35f08077d8c087be96287f43af3ccdc \
    --hash=sha256:7b3f5fe74a5ca32d4d0f302ffe6680fcc5c28f8ef0dc0ae8f40c0f3a1b4fca66 \
    --hash=sha256:7b3f5fe74a5ca32d4d0f302ffe6680fcc5c28f8ef0dc0ae8f40c0f3a1b4fca66 \
    --hash=sha256:7b3f5fe74a5ca32d4d0f302ffe6680fcc5c28f8ef0dc0ae8f40c0f3a1b4fca66 \
    --hash=sha256:ac1955ce000cb29ab40def14fd1bbfa7af2017cca696ee696925615cafd0dce5 \
    --hash=sha256:ac1955ce000cb29ab40def14fd1bbfa7af2017cca696ee696925615cafd0dce5
    # via fido2
fido2==2.0.0 \
    --hash=sha256:685f54a50a57e019c6156e2dd699802a603e3abf70bab334f26affdd4fb8d4f7 \
    --hash=sha256:852e959b0ea74f2b64512adcd970491541711be232e317c4a00b1569922792db
pycparser==2.21 \
    --hash=sha256:688108460a57f248af334bf9a0d1086a11c05a01fc66ae0e161feabb04a69bbc \
    --hash=sha256:8ee45429555515e1f6b185e78100aea234072576aa43ab53aefcae078162fca9
    # via cffi
