astroid==2.4.2 \
    --hash=sha256:bc58d83eb610252fd8de6363e39d4f1d0619c894b0ed24603b881c02e64c7386 \
    --hash=sha256:c234750ebf8d3b9cb109d7e0d6dcd23655a5975d8e76827d052fb4b0f0928812
    # via pylint
colorama==0.4.1 \
    --hash=sha256:758fb3cafa52391ea645703f283afd57f002011140d470793379790398876733 \
    --hash=sha256:758fb3cafa52391ea645703f283afd57f002011140d470793379790398876733 \
    --hash=sha256:758fb3cafa52391ea645703f283afd57f002011140d470793379790398876733 \
    --hash=sha256:f8ac84de7840f5b9c4e3347b3c1eaa50f7e49c2b07596221daec5edaabbd7c48 \
    --hash=sha256:f8ac84de7840f5b9c4e3347b3c1eaa50f7e49c2b07596221daec5edaabbd7c48 \
    --hash=sha256:f8ac84de7840f5b9c4e3347b3c1eaa50f7e49c2b07596221daec5edaabbd7c48 \
    --hash=sha256:f8ac84de7840f5b9c4e3347b3c1eaa50f7e49c2b07596221daec5edaabbd7c48 \
    --hash=sha256:f8ac84de7840f5b9c4e3347b3c1eaa50f7e49c2b07596221daec5edaabbd7c48 \
    --hash=sha256:f8ac84de7840f5b9c4e3347b3c1eaa50f7e49c2b07596221daec5edaabbd7c48 \
    --hash=sha256:f8ac84de7840f5b9c4e3347b3c1eaa50f7e49c2b07596221daec5edaabbd7c48 \
    --hash=sha256:f8ac84de7840f5b9c4e3347b3c1eaa50f7e49c2b07596221daec5edaabbd7c48 \
    --hash=sha256:f8ac84de7840f5b9c4e3347b3c1eaa50f7e49c2b07596221daec5edaabbd7c48 \
    --hash=sha256:f8ac84de7840f5b9c4e3347b3c1eaa50f7e49c2b07596221daec5edaabbd7c48
    # via pylint
futures==3.1.1 \
    --hash=sha256:07268243a952f330d01ecd35aba00d9c27411d048710f15027ee57812378db7c \
    --hash=sha256:3a44f286998ae64f0cc083682fcfec16c406134a81a589a5de445d7bb7c2751b \
    --hash=sha256:c4884a65654a7c45435063e14ae85280eb1f111d94e542396717ba9828c4337f \
    --hash=sha256:c4884a65654a7c45435063e14ae85280eb1f111d94e542396717ba9828c4337f \
    --hash=sha256:ef44d3d5f6530fbbf61ab11280941524aef443791bc873c6c1021854f9e30148 \
    --hash=sha256:ef44d3d5f6530fbbf61ab11280941524aef443791bc873c6c1021854f9e30148
    # via isort
isort==4.3.4 \
    --hash=sha256:1153601da39a25b14ddc54955dbbacbb6b2d19135386699e2ad58517953b34af \
    --hash=sha256:48aacbfcc2fcca208ecc009b90fe5849004711fbcbe45f595bf98cadc4594753 \
    --hash=sha256:48aacbfcc2fcca208ecc009b90fe5849004711fbcbe45f595bf98cadc4594753 \
    --hash=sha256:c70b2fe9def84efa4f9990c758d0ab9348af033f27c7dffaca8f81276201cf2d \
    --hash=sha256:ec9ef8f4a9bc6f71eec99e1806bfa2de401650d996c59330782b89a5555c1497 \
    --hash=sha256:ec9ef8f4a9bc6f71eec99e1806bfa2de401650d996c59330782b89a5555c1497
    # via pylint
lazy-object-proxy==1.4.3 \
    --hash=sha256:02023537e9ed0d2524fc5b8bcf27b3ef9c72085c44a738a6309da80f41c8b576 \
    --hash=sha256:02b0e84a4fba33add5ec04bdd71317f623fd4b148702777ef058aa2cbff2f749 \
    --hash=sha256:0ba73ac869faf7a0503e7d4258278e1c2fa3350ff1a6770452ad3452837f84bf \
    --hash=sha256:356fe21a09cdbf7a030809ef4c2eff49710ddc136d746bfd3fcb66a650ab7954 \
    --hash=sha256:4352363857050507b5cda7de80bd3ec7fa7631504857d6085e20d0bb57ef9e99 \
    --hash=sha256:5cbd2f0ea0f26d590a132dfdd2300e0177705da9394c2df2c1758345441c6da2 \
    --hash=sha256:66d6983b49bb40b3cb2c22d430b8ebdfa6cb6bc6713f4b2ff61d8a4ad7ecbb8d \
    --hash=sha256:68e1153d0150daee80a2877ac2eb8ea8b61fb83886653a885462fe6a05ce09f5 \
    --hash=sha256:6b3badca51f5fe14b57f393df1847f0d4125e0df48069f3f45353a3a2501452d \
    --hash=sha256:758bf4d6401d49f4ee07ff27e0155c86626576eeda658c33d3a9b52f0408d055 \
    --hash=sha256:921fe91c89958f41ff0e7e8ad7c9edde0a4af920946a10fbd3f73615d3a06c86 \
    --hash=sha256:a168c5314deb6b050bee456124c9091aaae9c8b61dcfae1a1bf900a97a3effe2 \
    --hash=sha256:a383b004731ce3280a3789ed6f802d65738bea129cac0a45ebf651aa8f9dc593 \
    --hash=sha256:bfbda9e8d9c3fd7832973108b3b436d9b811ed02785d55d47511e03a4792115a \
    --hash=sha256:e54cbd64deac9f9d8c9cebf28db6ac76d7304ad1e1fc2abff0bfbdedbe897b51 \
    --hash=sha256:fe212e5113deba3f8652f85932a6647684d3b7aacffd46599d3368ccd4b047a6
    # via astroid
mccabe==0.6.1 \
    --hash=sha256:101508df60f1c008d702884fdfb7fb1a4c3fd0ae9e563bc114acb59c4420edb4 \
    --hash=sha256:101508df60f1c008d702884fdfb7fb1a4c3fd0ae9e563bc114acb59c4420edb4 \
    --hash=sha256:101508df60f1c008d702884fdfb7fb1a4c3fd0ae9e563bc114acb59c4420edb4 \
    --hash=sha256:ab8a6258860da4b6677da4bd2fe5dc2c659cff31b3ee4f7f5d64e79735b80d42 \
    --hash=sha256:ab8a6258860da4b6677da4bd2fe5dc2c659cff31b3ee4f7f5d64e79735b80d42 \
    --hash=sha256:ab8a6258860da4b6677da4bd2fe5dc2c659cff31b3ee4f7f5d64e79735b80d42
    # via pylint
pylint==2.6.0 \
    --hash=sha256:8d4606afd01698b7020da2d826b5eef4ad1e0e02e1fd760a0c636d1517633ff6 \
    --hash=sha256:bfe68f020f8a0fece830a22dd4d5dddb4ecc6137db04face4c3420a46a52239f
    # via pylint-quotes
pylint-quotes==0.2.1 \
    --hash=sha256:3cf8c08f6faaace010e7ded5cdfb315cd2394d166f9c583d5b0b9433ca350062 \
    --hash=sha256:5332fa8b48ce5d8780df196d684f38c00614f8233fdc4c67efbdc0bbe7dc51d7
six==1.15.0 \
    --hash=sha256:7bb413e52c2f9981580e74743d53187be17e108df9b4f9fab1964aab2e94b9d6 \
    --hash=sha256:7bb413e52c2f9981580e74743d53187be17e108df9b4f9fab1964aab2e94b9d6 \
    --hash=sha256:8b74bedcbbbaca38ff6d7491d76f2b06b3592611af620f8426e82dddb04a5ced \
    --hash=sha256:8b74bedcbbbaca38ff6d7491d76f2b06b3592611af620f8426e82dddb04a5ced \
    --hash=sha256:8b74bedcbbbaca38ff6d7491d76f2b06b3592611af620f8426e82dddb04a5ced \
    --hash=sha256:8b74bedcbbbaca38ff6d7491d76f2b06b3592611af620f8426e82dddb04a5ced \
    --hash=sha256:8b74bedcbbbaca38ff6d7491d76f2b06b3592611af620f8426e82dddb04a5ced \
    --hash=sha256:8b74bedcbbbaca38ff6d7491d76f2b06b3592611af620f8426e82dddb04a5ced \
    --hash=sha256:8b74bedcbbbaca38ff6d7491d76f2b06b3592611af620f8426e82dddb04a5ced \
    --hash=sha256:8b74bedcbbbaca38ff6d7491d76f2b06b3592611af620f8426e82dddb04a5ced \
    --hash=sha256:8b74bedcbbbaca38ff6d7491d76f2b06b3592611af620f8426e82dddb04a5ced \
    --hash=sha256:8b74bedcbbbaca38ff6d7491d76f2b06b3592611af620f8426e82dddb04a5ced \
    --hash=sha256:c7dfbdb6d68189c1942e9405fae9eef6bdf2ddff305866df52b806c11da74323
    # via astroid
toml==0.10.1 \
    --hash=sha256:4099063d9b50219bf09bfa693ab8dcd96ce585cee9fdadce5a48a08ee23b0646 \
    --hash=sha256:bda89d5935c2eac546d648028b9901107a595863cb36bae0c73ac804a9b4ce88
    # via pylint
wrapt==1.12.1 \
    --hash=sha256:3cbff64ef12b782fba07a40d86a39669f55f292daa51600fb3f958035aa1c6b8 \
    --hash=sha256:5735317794b7eb6de3537afb980a8d11e471f07b945632c3abf8b0e8336bfa49 \
    --hash=sha256:6afdd48f419a338abccfc4a3ac20b7e0e6fa08524a03296963da9dd663a437c0 \
    --hash=sha256:860444688cad8a4b261744763c9c425db7cec1eeb12829ebf0f50dee30d003df \
    --hash=sha256:8d7bed8b7ec95bc90ea42654f24816ff960c4dde02de9d6633caefe710d59bed \
    --hash=sha256:afbeb1256b3a9c3802502680824938d50ca1e83c3ca3af93e0c151303ec9c6bc \
    --hash=sha256:d53700c1343501588fd5a31db569051ffa3cc738331c5920404924377b881b9a
    # via astroid
