astroid==2.15.8 \
    --hash=sha256:1aa149fc5c6589e3d0ece885b4491acd80af4f087baafa3fb5203b113e68cd3c \
    --hash=sha256:ca1a46eecf86b7eadf9a04aa38cffe75eb861c185fd6a2f8fa15b12f75f96a91
    # via pylint
colorama==0.4.6 \
    --hash=sha256:4f1d9991f5acc0ca119f9d443620b77f9d6b33703e51011c16baf57afb285fc6 \
    --hash=sha256:8a5a9494346d7ae2d8f599e4661738007d2df56dbbf4ccbbf7a6a23679a3a302
    # via pylint
dill==0.3.7 \
    --hash=sha256:76b122c08ef4ce2eedcd4d1abd8e641114bfc6c2867f49f3c41facf65bf19f5e \
    --hash=sha256:cbda025bbb08eb6c0cd3ff19f6327ba8460b226992620239578707511e169304
    # via pylint
futures==3.1.1 \
    --hash=sha256:07268243a952f330d01ecd35aba00d9c27411d048710f15027ee57812378db7c \
    --hash=sha256:3a44f286998ae64f0cc083682fcfec16c406134a81a589a5de445d7bb7c2751b \
    --hash=sha256:c4884a65654a7c45435063e14ae85280eb1f111d94e542396717ba9828c4337f \
    --hash=sha256:c4884a65654a7c45435063e14ae85280eb1f111d94e542396717ba9828c4337f \
    --hash=sha256:ef44d3d5f6530fbbf61ab11280941524aef443791bc873c6c1021854f9e30148 \
    --hash=sha256:ef44d3d5f6530fbbf61ab11280941524aef443791bc873c6c1021854f9e30148
isort==5.10.1 \
    --hash=sha256:6f62d78e2f89b4500b080fe3a81690850cd254227f27f75c3a0c491a1f351ba7 \
    --hash=sha256:ec0da0d88470e89ade75bf1e2ea7b4349ec906f95c84aff08e4d41dea6864d25
    # via pylint
lazy-object-proxy==1.4.3 \
    --hash=sha256:02023537e9ed0d2524fc5b8bcf27b3ef9c72085c44a738a6309da80f41c8b576 \
    --hash=sha256:02b0e84a4fba33add5ec04bdd71317f623fd4b148702777ef058aa2cbff2f749 \
    --hash=sha256:0ba73ac869faf7a0503e7d4258278e1c2fa3350ff1a6770452ad3452837f84bf \
    --hash=sha256:356fe21a09cdbf7a030809ef4c2eff49710ddc136d746bfd3fcb66a650ab7954 \
    --hash=sha256:4352363857050507b5cda7de80bd3ec7fa7631504857d6085e20d0bb57ef9e99 \
    --hash=sha256:5cbd2f0ea0f26d590a132dfdd2300e0177705da9394c2df2c1758345441c6da2 \
    --hash=sha256:66d6983b49bb40b3cb2c22d430b8ebdfa6cb6bc6713f4b2ff61d8a4ad7ecbb8d \
    --hash=sha256:68e1153d0150daee80a2877ac2eb8ea8b61fb83886653a885462fe6a05ce09f5 \
    --hash=sha256:6b3badca51f5fe14b57f393df1847f0d4125e0df48069f3f45353a3a2501452d \
    --hash=sha256:758bf4d6401d49f4ee07ff27e0155c86626576eeda658c33d3a9b52f0408d055 \
    --hash=sha256:921fe91c89958f41ff0e7e8ad7c9edde0a4af920946a10fbd3f73615d3a06c86 \
    --hash=sha256:a168c5314deb6b050bee456124c9091aaae9c8b61dcfae1a1bf900a97a3effe2 \
    --hash=sha256:a383b004731ce3280a3789ed6f802d65738bea129cac0a45ebf651aa8f9dc593 \
    --hash=sha256:bfbda9e8d9c3fd7832973108b3b436d9b811ed02785d55d47511e03a4792115a \
    --hash=sha256:e54cbd64deac9f9d8c9cebf28db6ac76d7304ad1e1fc2abff0bfbdedbe897b51 \
    --hash=sha256:fe212e5113deba3f8652f85932a6647684d3b7aacffd46599d3368ccd4b047a6
    # via astroid
mccabe==0.6.1 \
    --hash=sha256:101508df60f1c008d702884fdfb7fb1a4c3fd0ae9e563bc114acb59c4420edb4 \
    --hash=sha256:101508df60f1c008d702884fdfb7fb1a4c3fd0ae9e563bc114acb59c4420edb4 \
    --hash=sha256:101508df60f1c008d702884fdfb7fb1a4c3fd0ae9e563bc114acb59c4420edb4 \
    --hash=sha256:ab8a6258860da4b6677da4bd2fe5dc2c659cff31b3ee4f7f5d64e79735b80d42 \
    --hash=sha256:ab8a6258860da4b6677da4bd2fe5dc2c659cff31b3ee4f7f5d64e79735b80d42 \
    --hash=sha256:ab8a6258860da4b6677da4bd2fe5dc2c659cff31b3ee4f7f5d64e79735b80d42
    # via pylint
platformdirs==3.10.0 \
    --hash=sha256:24ac2a44c14e1c6558b5033cd703dfe396df9aed6d1c8a1f112af1817134beeb \
    --hash=sha256:d7c24979f292f916dc9cbf8648319032f551ea8c49a4c9bf2fb556a02070ec1d
    # via pylint
pylint==2.17.7 \
    --hash=sha256:27a8d4c7ddc8c2f8c18aa0050148f89ffc09838142193fdbe98f172781a3ff87 \
    --hash=sha256:def37c9e5a2cab7b4489ef4bd290ce130d1a3b5c02733bb6d353d48bf13fa60c
    # via pylint-quotes
pylint-quotes==0.2.1 \
    --hash=sha256:3cf8c08f6faaace010e7ded5cdfb315cd2394d166f9c583d5b0b9433ca350062 \
    --hash=sha256:5332fa8b48ce5d8780df196d684f38c00614f8233fdc4c67efbdc0bbe7dc51d7
six==1.15.0 \
    --hash=sha256:7bb413e52c2f9981580e74743d53187be17e108df9b4f9fab1964aab2e94b9d6 \
    --hash=sha256:7bb413e52c2f9981580e74743d53187be17e108df9b4f9fab1964aab2e94b9d6 \
    --hash=sha256:8b74bedcbbbaca38ff6d7491d76f2b06b3592611af620f8426e82dddb04a5ced \
    --hash=sha256:8b74bedcbbbaca38ff6d7491d76f2b06b3592611af620f8426e82dddb04a5ced \
    --hash=sha256:8b74bedcbbbaca38ff6d7491d76f2b06b3592611af620f8426e82dddb04a5ced \
    --hash=sha256:8b74bedcbbbaca38ff6d7491d76f2b06b3592611af620f8426e82dddb04a5ced \
    --hash=sha256:8b74bedcbbbaca38ff6d7491d76f2b06b3592611af620f8426e82dddb04a5ced \
    --hash=sha256:8b74bedcbbbaca38ff6d7491d76f2b06b3592611af620f8426e82dddb04a5ced \
    --hash=sha256:8b74bedcbbbaca38ff6d7491d76f2b06b3592611af620f8426e82dddb04a5ced \
    --hash=sha256:8b74bedcbbbaca38ff6d7491d76f2b06b3592611af620f8426e82dddb04a5ced \
    --hash=sha256:8b74bedcbbbaca38ff6d7491d76f2b06b3592611af620f8426e82dddb04a5ced \
    --hash=sha256:8b74bedcbbbaca38ff6d7491d76f2b06b3592611af620f8426e82dddb04a5ced \
    --hash=sha256:c7dfbdb6d68189c1942e9405fae9eef6bdf2ddff305866df52b806c11da74323
toml==0.10.1 \
    --hash=sha256:4099063d9b50219bf09bfa693ab8dcd96ce585cee9fdadce5a48a08ee23b0646 \
    --hash=sha256:bda89d5935c2eac546d648028b9901107a595863cb36bae0c73ac804a9b4ce88
tomlkit==0.12.3 \
    --hash=sha256:ace887248297efa187fb7efd2c31c57b82c90307ea6ceab1633e744682b7f115 \
    --hash=sha256:b0a645a9156dc7cb5d3a1f0d4bab66db287fcb8e0430bdd4664a095ea16414ba
    # via pylint
wrapt==1.15.0 \
    --hash=sha256:4ecce923f62d7555d38a7992d05764787ee7754409678406691063c5347e7cce \
    --hash=sha256:64b1df0f83706b4ef4cfb4fb0e4c2669100fd7ecacfb59e091fad300d4e04640
    # via astroid
