brotli==1.0.9 ; python_full_version >= '3.12' or platform_machine != 'riscv64' or sys_platform != 'linux' \
    --hash=sha256:1590964412a2f2b59540b995cd89f382faf4657f5bc8d034240e9e0a10713ae5 \
    --hash=sha256:1e43abc36411833f42e12cc7ac95f9b66c8d896e636f30aefbee8997c486bca7 \
    --hash=sha256:2037368f12f750aba61f74329d9c2111a57c36e586c671686aef93f524008e97 \
    --hash=sha256:2e7c834df41cb201c35e622e08b2b1e0d9ad51a2d6f0ff8c0f42c4b110564cc7 \
    --hash=sha256:4258cc1b975b088abd0d8a6dcace6488f2b2cab658c67a6bc1ade04c76697fa6 \
    --hash=sha256:633eacc9633199b897ddbb31242aa08ed0da04b0e3a52af166988a66f9168c11 \
    --hash=sha256:672875325d005af939bb1f417dd74e4c67fe3d9eba04ece818cc0c741640f20e \
    --hash=sha256:717773b68db3ac0f26729867d5a6d9bc4b8611e75da3995fcc25e4efde859e75 \
    --hash=sha256:87a7bb50c2cce9cf9d279442ee3ee79731fc9c39421fa6c60896c7932ed5df32 \
    --hash=sha256:90fd84cd7fd28a8dccbd1253916bfd1b58ffc79a4c8f9725fcd7abd5e0922ce5 \
    --hash=sha256:99e081f61a21f13996e61b5fcb311c0ffaa47dbdf509d94576578ae784f752ca \
    --hash=sha256:a16e5e7ab858d1ecf4521b91f527a3150212d3038f41d9f878706fd9c9756727 \
    --hash=sha256:a172a8fcda96953ffb3ba0c46ac87226e2fa787a5e3314d808355acdfd9556cb \
    --hash=sha256:b47f558b2274209c59c1a24e3d350491480c0b5d871fa052cc20224e28da5fa5 \
    --hash=sha256:c02ce929bad0afa590a32d41a610c417b0c0860f7c37ec0249553f9842846ce1 \
    --hash=sha256:ed1d451150616224ce20cfc2664ed6f8716739c7b52e6814aba73d6753e62bca \
    --hash=sha256:f6430b9d07dfe90fd16d0877a3d4e2d464316b35d4b755e57e79be4bdb7869d0
certifi==2021.5.30 \
    --hash=sha256:40500886cb897243e586f68cb94bd2a858e8c1e4cfd091e1a527899aedb90c1b \
    --hash=sha256:50b1e4f8446b06f41be7dd6338db18e0990601dce795c2b1686458aa7e8fa7d8
    # via requests
charset-normalizer==2.0.4 \
    --hash=sha256:0c8911edd15d19223366a194a513099a302055a962bca2cec0f54b8b63175d8b \
    --hash=sha256:8290b03e2f31a4b3399e1727f0323607253bb2bd38f0cb23d4e0cc6d76a5ec72
    # via requests
colorama==0.4.6 \
    --hash=sha256:4f1d9991f5acc0ca119f9d443620b77f9d6b33703e51011c16baf57afb285fc6 \
    --hash=sha256:8a5a9494346d7ae2d8f599e4661738007d2df56dbbf4ccbbf7a6a23679a3a302
    # via pytest
coverage==7.13.0 \
    --hash=sha256:850d2998f380b1e266459ca5b47bc9e7daf9af1d070f66317972f382d46f1904 \
    --hash=sha256:8f47e419d1231bdb772d876a8afec030b2dfdd53939527fae19ce816a7ea0f25
    # via pytest-cov
hjson==3.1.0 \
    --hash=sha256:21632b53d5a14c505caf63f41be7191549f35e9563d3402cbc21386bf4cc40c8 \
    --hash=sha256:6ab3778fb6c5f2796f4a13aae1def626f8000ea77e0a6e2a7a38b4d8642d9b35
httplib2==0.13.1 \
    --hash=sha256:217d90a8ce80b79b0ec8cb138cf56c6698f1e8937b6f5a8dbc5ed6f90d2578ff \
    --hash=sha256:5ef971b6fe95665262243a3eb5ac677c826b6c4a8f1c2ced18d29bbbd287b0a4 \
    --hash=sha256:5ef971b6fe95665262243a3eb5ac677c826b6c4a8f1c2ced18d29bbbd287b0a4 \
    --hash=sha256:5ef971b6fe95665262243a3eb5ac677c826b6c4a8f1c2ced18d29bbbd287b0a4 \
    --hash=sha256:5ef971b6fe95665262243a3eb5ac677c826b6c4a8f1c2ced18d29bbbd287b0a4 \
    --hash=sha256:806201d3abb16b50447583f74314bfefc2d4b37a71e67765243fc96956ca297c \
    --hash=sha256:b4bcf45dd14301ed07aecd5e222fa6fd99001b6429bf323c0e73217c65206e13 \
    --hash=sha256:cf6f9d5876d796539ec922a2c9b9a7cad9bfd90f04badcdc3bcfa537168052c3 \
    --hash=sha256:cf6f9d5876d796539ec922a2c9b9a7cad9bfd90f04badcdc3bcfa537168052c3 \
    --hash=sha256:cf6f9d5876d796539ec922a2c9b9a7cad9bfd90f04badcdc3bcfa537168052c3 \
    --hash=sha256:cf6f9d5876d796539ec922a2c9b9a7cad9bfd90f04badcdc3bcfa537168052c3 \
    --hash=sha256:cf6f9d5876d796539ec922a2c9b9a7cad9bfd90f04badcdc3bcfa537168052c3 \
    --hash=sha256:f213b02f5f3b8443bdfa7d16ffa0467a00d7d092c52820b9dd2b2d6e59182881
idna==2.8 \
    --hash=sha256:6c68f10e99f5f99caff1bf6b897f7032748b7fa206d16f507c86867bc078312d \
    --hash=sha256:6c68f10e99f5f99caff1bf6b897f7032748b7fa206d16f507c86867bc078312d \
    --hash=sha256:6c68f10e99f5f99caff1bf6b897f7032748b7fa206d16f507c86867bc078312d \
    --hash=sha256:ea8b7f6188e6fa117537c3df7da9fc686d485087abf6ac197f9c46432f7e4a3c \
    --hash=sha256:ea8b7f6188e6fa117537c3df7da9fc686d485087abf6ac197f9c46432f7e4a3c \
    --hash=sha256:ea8b7f6188e6fa117537c3df7da9fc686d485087abf6ac197f9c46432f7e4a3c \
    --hash=sha256:ea8b7f6188e6fa117537c3df7da9fc686d485087abf6ac197f9c46432f7e4a3c \
    --hash=sha256:ea8b7f6188e6fa117537c3df7da9fc686d485087abf6ac197f9c46432f7e4a3c \
    --hash=sha256:ea8b7f6188e6fa117537c3df7da9fc686d485087abf6ac197f9c46432f7e4a3c \
    --hash=sha256:ea8b7f6188e6fa117537c3df7da9fc686d485087abf6ac197f9c46432f7e4a3c \
    --hash=sha256:ea8b7f6188e6fa117537c3df7da9fc686d485087abf6ac197f9c46432f7e4a3c \
    --hash=sha256:ea8b7f6188e6fa117537c3df7da9fc686d485087abf6ac197f9c46432f7e4a3c \
    --hash=sha256:ea8b7f6188e6fa117537c3df7da9fc686d485087abf6ac197f9c46432f7e4a3c
    # via requests
iniconfig==2.1.0 \
    --hash=sha256:9deba5723312380e77435581c6bf4935c94cbfab9b1ed33ef8d238ea168eb760 \
    --hash=sha256:c9b120a8564afdd97c6aec63eaa9e27c7a5d2686a0db2b53ab4e026ae798d1ec
    # via pytest
lxml==4.9.3 \
    --hash=sha256:0327446f8a3ffe17920311b2ba1eab09c9915ef52c1a03a1e6cb981115184b79 \
    --hash=sha256:05a29c02a3f799ce9e7c5dfd1d3cdca895830d271bb827b17da9edd3c1c19efe \
    --hash=sha256:3706dc5e4077e3376a6932deb86b34a1076b1f697d7e0559ee0e2bc059d95ee6 \
    --hash=sha256:38fd42f01760800c98517e3b0784aafbcdce0a3d693553b505b76ad0ee057b2d \
    --hash=sha256:3e363a5809c625b9771429cddae789233e815fb8cb89ae5b553c9203e1ff0ce3 \
    --hash=sha256:611c3d22db3817ffad6ffd0bff9875d617cc6ea2e129cad7b04f4c89711f1839 \
    --hash=sha256:a20d74c48a4d4da5261d66668ec4d27c55157e3f3ab7fb047eef70aca2cfb26c \
    --hash=sha256:b2ee85e5f64034e6cccea743d2c6c9fa8ffc4a0542e8c9797de78fcbc3652b4b \
    --hash=sha256:be8c07cab2617b50f6a6e39137460f5bea7853a44dd9762d907bab8fe6a8bc8d \
    --hash=sha256:c3aa0cab053be97e76a1224138536377e5d3fd49c9366d46f44eb771e9447730 \
    --hash=sha256:c3e9ebddfa0b6230ec47cfa67b4eddfa9e5fb7f7c962870da278802cb8265737 \
    --hash=sha256:cda493abea2618ef6be4afa2e3b06e78f382994bbbc89bd7998c53df4a9cce38 \
    --hash=sha256:dfb5a73f24128910a7470a0b4d2ccaa70502ce2a7258ce0b2c77e43dd22544c7 \
    --hash=sha256:e187f9d84a243966f4f356df9f11468b57aea4e4009c31137baccca1f94a4bce \
    --hash=sha256:ee6cea8f7288bf6b8e68e348992b641dc245ee969ce480af53bd0fef286999e8 \
    --hash=sha256:fbd52c99838b9c60c7cdabc189ce8cf2376cd310855c77c4c360723e0075ec25
packaging==25.0 \
    --hash=sha256:29572ef2b1f17581046b3a2227d5c611fb25ec70ca1ba8554b24b0e69331a484 \
    --hash=sha256:ebeef2792db7967a635cda6d190b9fd3bf004cf526e2feb5896ec8aa2a8983b5
    # via pytest
parameterized==0.8.1 \
    --hash=sha256:4ee8240cd72b8c78b713873a56a833eb7c8624bccf26a339d92559b5d5c0e17e \
    --hash=sha256:9cbb0b69a03e8695d68b3399a8a5825200976536fe1cb79db60ed6a4c8c9efe9
pluggy==1.6.0 \
    --hash=sha256:88349c39e440567519b15b27a781bcd3430de6bae17c44c37e758795be96dc5a \
    --hash=sha256:e920276dd6813095e9377c0bc5566d94c932c33b27a3e3945d8389c374dd4746
    # via
    #   pytest
    #   pytest-cov
pygments==2.19.2 \
    --hash=sha256:86540386c03d588bb81d44bc3928634ff26449851e99741617ecb9037ee5ec0b \
    --hash=sha256:86540386c03d588bb81d44bc3928634ff26449851e99741617ecb9037ee5ec0b \
    --hash=sha256:caeea602fa072944e8e680d200d4df56b050a04e6c2f08918706d99fb508fbe7
    # via pytest
pytest==9.0.2 \
    --hash=sha256:711ffd45bf766d5264d487b917733b453d917afd2b0ad65223959f59089f875b \
    --hash=sha256:711ffd45bf766d5264d487b917733b453d917afd2b0ad65223959f59089f875b \
    --hash=sha256:711ffd45bf766d5264d487b917733b453d917afd2b0ad65223959f59089f875b \
    --hash=sha256:711ffd45bf766d5264d487b917733b453d917afd2b0ad65223959f59089f875b \
    --hash=sha256:711ffd45bf766d5264d487b917733b453d917afd2b0ad65223959f59089f875b \
    --hash=sha256:711ffd45bf766d5264d487b917733b453d917afd2b0ad65223959f59089f875b \
    --hash=sha256:711ffd45bf766d5264d487b917733b453d917afd2b0ad65223959f59089f875b \
    --hash=sha256:711ffd45bf766d5264d487b917733b453d917afd2b0ad65223959f59089f875b \
    --hash=sha256:b89d5705de0b9e2b40b530f549faf716b7217441b9948bad43bbe6124af385c5
    # via
    #   pytest-cov
    #   pytest-mock
pytest-cov==6.2.1 \
    --hash=sha256:82a52b59846181cd53a69ac06f7b72ff9609c68460addac1e72f7125c3aa8fa3 \
    --hash=sha256:f5bc4c23f42f1cdd23c70b1dab1bbaef4fc505ba950d53e0081d0730dd7e86d5
pytest-mock==3.10.0 \
    --hash=sha256:35ec5b6c1443bf0af8e22b0b68b2ccfe414d99fa8c6fbca477132ea3e19690a9 \
    --hash=sha256:7c74fa16251a6d7c3581e5b93fb9e0528458308de7bd763583bce96b44a236da
python-dateutil==2.7.3 \
    --hash=sha256:1adb80e7a782c12e52ef9a8182bebeb73f1d7e24e374397af06fb4956c8dc5c0 \
    --hash=sha256:1adb80e7a782c12e52ef9a8182bebeb73f1d7e24e374397af06fb4956c8dc5c0 \
    --hash=sha256:1adb80e7a782c12e52ef9a8182bebeb73f1d7e24e374397af06fb4956c8dc5c0 \
    --hash=sha256:1be3f3070f229e2f39e4a988ee21bd77e086c693b1a92c919cef25946c9ae529 \
    --hash=sha256:6d5da496145c648b0f99e09e27d4224c4bc2d65d97d1a1d58ed1209c6b2e9ea6 \
    --hash=sha256:6d5da496145c648b0f99e09e27d4224c4bc2d65d97d1a1d58ed1209c6b2e9ea6
pyyaml==5.4.1+chromium.1 \
    --hash=sha256:30943bf7ffc77849ab34b0c9a0bfdd2841d6cfef80a048443088c3981c3b7454 \
    --hash=sha256:30943bf7ffc77849ab34b0c9a0bfdd2841d6cfef80a048443088c3981c3b7454 \
    --hash=sha256:34de1c37474ed237b506bed193c3aa961136fb6c56d43c731b639a4658a561c7 \
    --hash=sha256:3bb84571b42414183e96cc560b602c0b907174dc2ca45bfe28e53371d34a3573 \
    --hash=sha256:3bf690dd33f9adb2493b54eed0eccedbb5dac7c38977dafbd6c5aaff4c2b9e72 \
    --hash=sha256:4db0e513d46d3feedff69b33fb4093a899396b6795b790d9b1a9ed84c9de9b83 \
    --hash=sha256:5cd00e9800df4255d79711cdfd039d957c5a06521ee6e4068efceca9ce09c333 \
    --hash=sha256:5ef917f3c0447944e3c6a2d6feb7e4c96cadc912436e0bec593d6676438723e9 \
    --hash=sha256:846e35c9c099b8d9a0b3c4c37444ef38dc9fbf9596f485565cdfa8b6bf33b8a4 \
    --hash=sha256:9626a7a5bbf3ba01f18eeb6dab7e1a8218bc554a5425103335ed726421f16dac \
    --hash=sha256:a757e3dbf41d474b343a1c9300051aad6857ba811a5b0844b229c9a81302b3e4 \
    --hash=sha256:d3624a91bf9acba3a3753052056d59012ee303bba33685d9332077d0029fadbf \
    --hash=sha256:d3624a91bf9acba3a3753052056d59012ee303bba33685d9332077d0029fadbf \
    --hash=sha256:d901525f60a95a76c9c7fb87968355e9c76d88b538a84b7319b37219bfa4f37c \
    --hash=sha256:e0f28dad378280bf0bfb1d3019c8b1dee1894f138f09643a10362235d3495be1 \
    --hash=sha256:ed50a1341d0580c1ee4f8e381beb56d141df93ab1690fbe9d6b49df55215f318
requests==2.31.0 \
    --hash=sha256:58cd2187c01e70e6e26505bca751777aa9f2ee0b7f4300988b709f44e013003f \
    --hash=sha256:7c024df3d83d462cc8127c6c9a2dae2e5d2bddb54c1039624ab3baf485d752ca
six==1.10.0 \
    --hash=sha256:0ff78c403d9bccf5a425a6d31a12aa6b47f1c21ca4dc2573a7e2f32a97335eb1 \
    --hash=sha256:0ff78c403d9bccf5a425a6d31a12aa6b47f1c21ca4dc2573a7e2f32a97335eb1 \
    --hash=sha256:0ff78c403d9bccf5a425a6d31a12aa6b47f1c21ca4dc2573a7e2f32a97335eb1 \
    --hash=sha256:0ff78c403d9bccf5a425a6d31a12aa6b47f1c21ca4dc2573a7e2f32a97335eb1 \
    --hash=sha256:0ff78c403d9bccf5a425a6d31a12aa6b47f1c21ca4dc2573a7e2f32a97335eb1 \
    --hash=sha256:0ff78c403d9bccf5a425a6d31a12aa6b47f1c21ca4dc2573a7e2f32a97335eb1 \
    --hash=sha256:0ff78c403d9bccf5a425a6d31a12aa6b47f1c21ca4dc2573a7e2f32a97335eb1 \
    --hash=sha256:0ff78c403d9bccf5a425a6d31a12aa6b47f1c21ca4dc2573a7e2f32a97335eb1 \
    --hash=sha256:0ff78c403d9bccf5a425a6d31a12aa6b47f1c21ca4dc2573a7e2f32a97335eb1 \
    --hash=sha256:0ff78c403d9bccf5a425a6d31a12aa6b47f1c21ca4dc2573a7e2f32a97335eb1 \
    --hash=sha256:1a3f0e2946fdd0c94e7bdb9288cf8b1ccd1faeb0fc02f83e9d296ad176fa8687 \
    --hash=sha256:1a3f0e2946fdd0c94e7bdb9288cf8b1ccd1faeb0fc02f83e9d296ad176fa8687 \
    --hash=sha256:41bba6815b017013f5960ece16028d9dc80e1012a0e3e9fd45c3dde95b9f37cf
    # via python-dateutil
sqlparse==0.4.4 \
    --hash=sha256:5430a4fe2ac7d0f93e66f1efc6e1338a41884b7ddf2a350cedd20ccc4d9d28f3 \
    --hash=sha256:6b7138ced63f1574a1cbc6ada6c5a448327b89e451ca2dbb3cbded83d5bb7329
tomli==2.1.0 ; python_full_version <= '3.11' \
    --hash=sha256:a5c57c3d1c56f5ccdf89f6523458f60ef716e210fc47c4cfb188c5ba473e0391 \
    --hash=sha256:b0ebe91199c7a9543037fd8ea3e730efd67a2942d7afba8aef5167327c2fcdc3
    # via coverage
tzdata==2023.4 \
    --hash=sha256:3bfb77cffc5b0b14bdb11a65b1074fe50cccbae0f3107024e344b48912c89184 \
    --hash=sha256:aa3ace4329eeacda5b7beb7ea08ece826c28d761cda36e747cfbf97996d39bf3
urllib3==1.26.6 \
    --hash=sha256:39fb8672126159acb139a7718dd10806104dec1e2f0f6c88aab05d17df10c8d4 \
    --hash=sha256:fa608904f610002ec11bb0347f46ccf36c1fe0fb399c8044fce17e8fc02936db
    # via requests
