importlib-metadata==7.0.0 \
    --hash=sha256:3dce02db805ad2f4e49989ea0a4199ba71a4213d77fd9f449a15d7303aecaf9b \
    --hash=sha256:d97503976bb81f40a193d41ee6570868479c69d5068651eb039c40d850c59d67
    # via yapf
platformdirs==4.1.0 \
    --hash=sha256:11c8f37bcca40db96d8144522d925583bdb7a31f7b0e37e3ed4318400a8e2380 \
    --hash=sha256:11c8f37bcca40db96d8144522d925583bdb7a31f7b0e37e3ed4318400a8e2380 \
    --hash=sha256:11c8f37bcca40db96d8144522d925583bdb7a31f7b0e37e3ed4318400a8e2380 \
    --hash=sha256:11c8f37bcca40db96d8144522d925583bdb7a31f7b0e37e3ed4318400a8e2380 \
    --hash=sha256:11c8f37bcca40db96d8144522d925583bdb7a31f7b0e37e3ed4318400a8e2380 \
    --hash=sha256:11c8f37bcca40db96d8144522d925583bdb7a31f7b0e37e3ed4318400a8e2380 \
    --hash=sha256:11c8f37bcca40db96d8144522d925583bdb7a31f7b0e37e3ed4318400a8e2380 \
    --hash=sha256:11c8f37bcca40db96d8144522d925583bdb7a31f7b0e37e3ed4318400a8e2380 \
    --hash=sha256:4fbe126f81f3a78c68346a3854bd3f940ac1d8a7f9acaa5b1fe50af203436d02
    # via yapf
ruff==0.15.17 \
    --hash=sha256:5ff86493d34d73af6ca2a0312c54b2e346152b44044f2ecf420eb53e21aa5838 \
    --hash=sha256:6769e5fa1710b179b92e0bfa5a51735b35baea9013dadb06d5f44cbcf9547084 \
    --hash=sha256:6ba0c1e4f95bcb3869d0d30cbd5917071ef2e28665abfec970cdab0492c713ed \
    --hash=sha256:ecfc3c7878fff94633ab0348524e093f9ce3243080416dd7d14f8ba400174719 \
    --hash=sha256:f6ad73b14c2d18a3bf8ad7cb6974294d7f613a7898604826058e6ac64918ef4d
tomli==2.0.1 \
    --hash=sha256:864f310e021d68415d6ba45b23e29808f99703b471d884267d6942eecdf8d6c5 \
    --hash=sha256:939de3e7a6161af0c887ef91b7d41a53e7c5a1ca976325f429cb46ea9bc30ecc
    # via yapf
yapf==0.40.2 \
    --hash=sha256:34a4a6dee6315563b5c1962bce86ccbe51a4c6521c73f3ae6f54373032a643ca \
    --hash=sha256:adc8b5dd02c0143108878c499284205adb258aad6db6634e5b869e7ee2bd548b \
    --hash=sha256:adc8b5dd02c0143108878c499284205adb258aad6db6634e5b869e7ee2bd548b \
    --hash=sha256:adc8b5dd02c0143108878c499284205adb258aad6db6634e5b869e7ee2bd548b \
    --hash=sha256:adc8b5dd02c0143108878c499284205adb258aad6db6634e5b869e7ee2bd548b \
    --hash=sha256:adc8b5dd02c0143108878c499284205adb258aad6db6634e5b869e7ee2bd548b \
    --hash=sha256:adc8b5dd02c0143108878c499284205adb258aad6db6634e5b869e7ee2bd548b \
    --hash=sha256:adc8b5dd02c0143108878c499284205adb258aad6db6634e5b869e7ee2bd548b \
    --hash=sha256:adc8b5dd02c0143108878c499284205adb258aad6db6634e5b869e7ee2bd548b
zipp==3.7.0 \
    --hash=sha256:b47250dd24f92b7dd6a0a8fc5244da14608f3ca90a5efcd37a3b1642fac9a375 \
    --hash=sha256:f8aef9a41b4a8ba40f94e84c1e23b87a67ad9dfb43985f48d5c9e50be28691f4
    # via importlib-metadata
